
Microsoft Visual Studio Solution File, Format Version 12.00
# Visual Studio 15
VisualStudioVersion = 15.0.28307.1062
MinimumVisualStudioVersion = 10.0.40219.1
Project("{F184B08F-C81C-45F6-A57F-5ABD9991F28F}") = "Wallpaper App", "Wallpaper App\Wallpaper App.vbproj", "{135C06A6-F1B7-4B3D-99AE-C99B2550374A}"
EndProject
Global
	GlobalSection(SolutionConfigurationPlatforms) = preSolution
		Debug|Any CPU = Debug|Any CPU
		Release|Any CPU = Release|Any CPU
	EndGlobalSection
	GlobalSection(ProjectConfigurationPlatforms) = postSolution
		{135C06A6-F1B7-4B3D-99AE-C99B2550374A}.Debug|Any CPU.ActiveCfg = Debug|Any CPU
		{135C06A6-F1B7-4B3D-99AE-C99B2550374A}.Debug|Any CPU.Build.0 = Debug|Any CPU
		{135C06A6-F1B7-4B3D-99AE-C99B2550374A}.Release|Any CPU.ActiveCfg = Release|Any CPU
		{135C06A6-F1B7-4B3D-99AE-C99B2550374A}.Release|Any CPU.Build.0 = Release|Any CPU
	EndGlobalSection
	GlobalSection(SolutionProperties) = preSolution
		HideSolutionNode = FALSE
	EndGlobalSection
	GlobalSection(ExtensibilityGlobals) = postSolution
		SolutionGuid = {BC0041C3-7602-4D94-96B3-46B63B680092}
	EndGlobalSection
EndGlobal
